
Microsoft Visual Studio Solution File, Format Version 12.00
# Visual Studio Version 17
VisualStudioVersion = 17.11.35312.102
MinimumVisualStudioVersion = 10.0.40219.1
Project("{FAE04EC0-301F-11D3-BF4B-00C04F79EFBC}") = "Solved", "Solved.csproj", "{E7160B48-4044-4B77-A22C-401A9E070E5C}"
EndProject
Global
	GlobalSection(SolutionConfigurationPlatforms) = preSolution
		Debug|Any CPU = Debug|Any CPU
		Release|Any CPU = Release|Any CPU
	EndGlobalSection
	GlobalSection(ProjectConfigurationPlatforms) = postSolution
		{E7160B48-4044-4B77-A22C-401A9E070E5C}.Debug|Any CPU.ActiveCfg = Debug|Any CPU
		{E7160B48-4044-4B77-A22C-401A9E070E5C}.Debug|Any CPU.Build.0 = Debug|Any CPU
		{E7160B48-4044-4B77-A22C-401A9E070E5C}.Release|Any CPU.ActiveCfg = Release|Any CPU
		{E7160B48-4044-4B77-A22C-401A9E070E5C}.Release|Any CPU.Build.0 = Release|Any CPU
	EndGlobalSection
	GlobalSection(SolutionProperties) = preSolution
		HideSolutionNode = FALSE
	EndGlobalSection
	GlobalSection(ExtensibilityGlobals) = postSolution
		SolutionGuid = {B9A3546D-6B91-4390-8526-7DA75BE1D0A1}
	EndGlobalSection
EndGlobal
